// !$*UTF8*$!
{
	archiveVersion = 1;
	classes = {
	};
	objectVersion = 50;
	objects = {

/* Begin PBXBuildFile section */
		38AAAAD2246DD15700D1F74E /* AppDelegate.swift in Sources */ = {isa = PBXBuildFile; fileRef = 38AAAAD1246DD15700D1F74E /* AppDelegate.swift */; };
		38AAAAD4246DD15700D1F74E /* SceneDelegate.swift in Sources */ = {isa = PBXBuildFile; fileRef = 38AAAAD3246DD15700D1F74E /* SceneDelegate.swift */; };
		38AAAAD6246DD15700D1F74E /* ContentView.swift in Sources */ = {isa = PBXBuildFile; fileRef = 38AAAAD5246DD15700D1F74E /* ContentView.swift */; };
		38AAAAD8246DD15800D1F74E /* Assets.xcassets in Resources */ = {isa = PBXBuildFile; fileRef = 38AAAAD7246DD15800D1F74E /* Assets.xcassets */; };
		38AAAADB246DD15800D1F74E /* Preview Assets.xcassets in Resources */ = {isa = PBXBuildFile; fileRef = 38AAAADA246DD15800D1F74E /* Preview Assets.xcassets */; };
		38AAAADE246DD15800D1F74E /* LaunchScreen.storyboard in Resources */ = {isa = PBXBuildFile; fileRef = 38AAAADC246DD15800D1F74E /* LaunchScreen.storyboard */; };
		38AAAAE8246DE81700D1F74E /* ImagePicker.swift in Sources */ = {isa = PBXBuildFile; fileRef = 38AAAAE7246DE81700D1F74E /* ImagePicker.swift */; };
/* End PBXBuildFile section */

/* Begin PBXFileReference section */
		38AAAACE246DD15700D1F74E /* InstaDocv1.2.app */ = {isa = PBXFileReference; explicitFileType = wrapper.application; includeInIndex = 0; path = InstaDocv1.2.app; sourceTree = BUILT_PRODUCTS_DIR; };
		38AAAAD1246DD15700D1F74E /* AppDelegate.swift */ = {isa = PBXFileReference; lastKnownFileType = sourcecode.swift; path = AppDelegate.swift; sourceTree = "<group>"; };
		38AAAAD3246DD15700D1F74E /* SceneDelegate.swift */ = {isa = PBXFileReference; lastKnownFileType = sourcecode.swift; path = SceneDelegate.swift; sourceTree = "<group>"; };
		38AAAAD5246DD15700D1F74E /* ContentView.swift */ = {isa = PBXFileReference; lastKnownFileType = sourcecode.swift; path = ContentView.swift; sourceTree = "<group>"; };
		38AAAAD7246DD15800D1F74E /* Assets.xcassets */ = {isa = PBXFileReference; lastKnownFileType = folder.assetcatalog; path = Assets.xcassets; sourceTree = "<group>"; };
		38AAAADA246DD15800D1F74E /* Preview Assets.xcassets */ = {isa = PBXFileReference; lastKnownFileType = folder.assetcatalog; path = "Preview Assets.xcassets"; sourceTree = "<group>"; };
		38AAAADD246DD15800D1F74E /* Base */ = {isa = PBXFileReference; lastKnownFileType = file.storyboard; name = Base; path = Base.lproj/LaunchScreen.storyboard; sourceTree = "<group>"; };
		38AAAADF246DD15800D1F74E /* Info.plist */ = {isa = PBXFileReference; lastKnownFileType = text.plist.xml; path = Info.plist; sourceTree = "<group>"; };
		38AAAAE7246DE81700D1F74E /* ImagePicker.swift */ = {isa = PBXFileReference; lastKnownFileType = sourcecode.swift; path = ImagePicker.swift; sourceTree = "<group>"; };
/* End PBXFileReference section */

/* Begin PBXFrameworksBuildPhase section */
		38AAAACB246DD15700D1F74E /* Frameworks */ = {
			isa = PBXFrameworksBuildPhase;
			buildActionMask = 2147483647;
			files = (
			);
			runOnlyForDeploymentPostprocessing = 0;
		};
/* End PBXFrameworksBuildPhase section */

/* Begin PBXGroup section */
		38AAAAC5246DD15700D1F74E = {
			isa = PBXGroup;
			children = (
				38AAAAD0246DD15700D1F74E /* InstaDocv1.2 */,
				38AAAACF246DD15700D1F74E /* Products */,
			);
			sourceTree = "<group>";
		};
		38AAAACF246DD15700D1F74E /* Products */ = {
			isa = PBXGroup;
			children = (
				38AAAACE246DD15700D1F74E /* InstaDocv1.2.app */,
			);
			name = Products;
			sourceTree = "<group>";
		};
		38AAAAD0246DD15700D1F74E /* InstaDocv1.2 */ = {
			isa = PBXGroup;
			children = (
				38AAAAD1246DD15700D1F74E /* AppDelegate.swift */,
				38AAAAD3246DD15700D1F74E /* SceneDelegate.swift */,
				38AAAAD5246DD15700D1F74E /* ContentView.swift */,
				38AAAAD7246DD15800D1F74E /* Assets.xcassets */,
				38AAAADC246DD15800D1F74E /* LaunchScreen.storyboard */,
				38AAAADF246DD15800D1F74E /* Info.plist */,
				38AAAAD9246DD15800D1F74E /* Preview Content */,
				38AAAAE7246DE81700D1F74E /* ImagePicker.swift */,
			);
			path = InstaDocv1.2;
			sourceTree = "<group>";
		};
		38AAAAD9246DD15800D1F74E /* Preview Content */ = {
			isa = PBXGroup;
			children = (
				38AAAADA246DD15800D1F74E /* Preview Assets.xcassets */,
			);
			path = "Preview Content";
			sourceTree = "<group>";
		};
/* End PBXGroup section */

/* Begin PBXNativeTarget section */
		38AAAACD246DD15700D1F74E /* InstaDocv1.2 */ = {
			isa = PBXNativeTarget;
			buildConfigurationList = 38AAAAE2246DD15800D1F74E /* Build configuration list for PBXNativeTarget "InstaDocv1.2" */;
			buildPhases = (
				38AAAACA246DD15700D1F74E /* Sources */,
				38AAAACB246DD15700D1F74E /* Frameworks */,
				38AAAACC246DD15700D1F74E /* Resources */,
			);
			buildRules = (
			);
			dependencies = (
			);
			name = InstaDocv1.2;
			productName = InstaDocv1.2;
			productReference = 38AAAACE246DD15700D1F74E /* InstaDocv1.2.app */;
			productType = "com.apple.product-type.application";
		};
/* End PBXNativeTarget section */

/* Begin PBXProject section */
		38AAAAC6246DD15700D1F74E /* Project object */ = {
			isa = PBXProject;
			attributes = {
				LastSwiftUpdateCheck = 1140;
				LastUpgradeCheck = 1140;
				ORGANIZATIONNAME = "Abhilash Chilakamarthi";
				TargetAttributes = {
					38AAAACD246DD15700D1F74E = {
						CreatedOnToolsVersion = 11.4;
					};
				};
			};
			buildConfigurationList = 38AAAAC9246DD15700D1F74E /* Build configuration list for PBXProject "InstaDocv1.2" */;
			compatibilityVersion = "Xcode 9.3";
			developmentRegion = en;
			hasScannedForEncodings = 0;
			knownRegions = (
				en,
				Base,
			);
			mainGroup = 38AAAAC5246DD15700D1F74E;
			productRefGroup = 38AAAACF246DD15700D1F74E /* Products */;
			projectDirPath = "";
			projectRoot = "";
			targets = (
				38AAAACD246DD15700D1F74E /* InstaDocv1.2 */,
			);
		};
/* End PBXProject section */

/* Begin PBXResourcesBuildPhase section */
		38AAAACC246DD15700D1F74E /* Resources */ = {
			isa = PBXResourcesBuildPhase;
			buildActionMask = 2147483647;
			files = (
				38AAAADE246DD15800D1F74E /* LaunchScreen.storyboard in Resources */,
				38AAAADB246DD15800D1F74E /* Preview Assets.xcassets in Resources */,
				38AAAAD8246DD15800D1F74E /* Assets.xcassets in Resources */,
			);
			runOnlyForDeploymentPostprocessing = 0;
		};
/* End PBXResourcesBuildPhase section */

/* Begin PBXSourcesBuildPhase section */
		38AAAACA246DD15700D1F74E /* Sources */ = {
			isa = PBXSourcesBuildPhase;
			buildActionMask = 2147483647;
			files = (
				38AAAAD2246DD15700D1F74E /* AppDelegate.swift in Sources */,
				38AAAAE8246DE81700D1F74E /* ImagePicker.swift in Sources */,
				38AAAAD4246DD15700D1F74E /* SceneDelegate.swift in Sources */,
				38AAAAD6246DD15700D1F74E /* ContentView.swift in Sources */,
			);
			runOnlyForDeploymentPostprocessing = 0;
		};
/* End PBXSourcesBuildPhase section */

/* Begin PBXVariantGroup section */
		38AAAADC246DD15800D1F74E /* LaunchScreen.storyboard */ = {
			isa = PBXVariantGroup;
			children = (
				38AAAADD246DD15800D1F74E /* Base */,
			);
			name = LaunchScreen.storyboard;
			sourceTree = "<group>";
		};
/* End PBXVariantGroup section */

/* Begin XCBuildConfiguration section */
		38AAAAE0246DD15800D1F74E /* Debug */ = {
			isa = XCBuildConfiguration;
			buildSettings = {
				ALWAYS_SEARCH_USER_PATHS = NO;
				CLANG_ANALYZER_NONNULL = YES;
				CLANG_ANALYZER_NUMBER_OBJECT_CONVERSION = YES_AGGRESSIVE;
				CLANG_CXX_LANGUAGE_STANDARD = "gnu++14";
				CLANG_CXX_LIBRARY = "libc++";
				CLANG_ENABLE_MODULES = YES;
				CLANG_ENABLE_OBJC_ARC = YES;
				CLANG_ENABLE_OBJC_WEAK = YES;
				CLANG_WARN_BLOCK_CAPTURE_AUTORELEASING = YES;
				CLANG_WARN_BOOL_CONVERSION = YES;
				CLANG_WARN_COMMA = YES;
				CLANG_WARN_CONSTANT_CONVERSION = YES;
				CLANG_WARN_DEPRECATED_OBJC_IMPLEMENTATIONS = YES;
				CLANG_WARN_DIRECT_OBJC_ISA_USAGE = YES_ERROR;
				CLANG_WARN_DOCUMENTATION_COMMENTS = YES;
				CLANG_WARN_EMPTY_BODY = YES;
				CLANG_WARN_ENUM_CONVERSION = YES;
				CLANG_WARN_INFINITE_RECURSION = YES;
				CLANG_WARN_INT_CONVERSION = YES;
				CLANG_WARN_NON_LITERAL_NULL_CONVERSION = YES;
				CLANG_WARN_OBJC_IMPLICIT_RETAIN_SELF = YES;
				CLANG_WARN_OBJC_LITERAL_CONVERSION = YES;
				CLANG_WARN_OBJC_ROOT_CLASS = YES_ERROR;
				CLANG_WARN_RANGE_LOOP_ANALYSIS = YES;
				CLANG_WARN_STRICT_PROTOTYPES = YES;
				CLANG_WARN_SUSPICIOUS_MOVE = YES;
				CLANG_WARN_UNGUARDED_AVAILABILITY = YES_AGGRESSIVE;
				CLANG_WARN_UNREACHABLE_CODE = YES;
				CLANG_WARN__DUPLICATE_METHOD_MATCH = YES;
				COPY_PHASE_STRIP = NO;
				DEBUG_INFORMATION_FORMAT = dwarf;
				ENABLE_STRICT_OBJC_MSGSEND = YES;
				ENABLE_TESTABILITY = YES;
				GCC_C_LANGUAGE_STANDARD = gnu11;
				GCC_DYNAMIC_NO_PIC = NO;
				GCC_NO_COMMON_BLOCKS = YES;
				GCC_OPTIMIZATION_LEVEL = 0;
				GCC_PREPROCESSOR_DEFINITIONS = (
					"DEBUG=1",
					"$(inherited)",
				);
				GCC_WARN_64_TO_32_BIT_CONVERSION = YES;
				GCC_WARN_ABOUT_RETURN_TYPE = YES_ERROR;
				GCC_WARN_UNDECLARED_SELECTOR = YES;
				GCC_WARN_UNINITIALIZED_AUTOS = YES_AGGRESSIVE;
				GCC_WARN_UNUSED_FUNCTION = YES;
				GCC_WARN_UNUSED_VARIABLE = YES;
				IPHONEOS_DEPLOYMENT_TARGET = 13.4;
				MTL_ENABLE_DEBUG_INFO = INCLUDE_SOURCE;
				MTL_FAST_MATH = YES;
				ONLY_ACTIVE_ARCH = YES;
				SDKROOT = iphoneos;
				SWIFT_ACTIVE_COMPILATION_CONDITIONS = DEBUG;
				SWIFT_OPTIMIZATION_LEVEL = "-Onone";
			};
			name = Debug;
		};
		38AAAAE1246DD15800D1F74E /* Release */ = {
			isa = XCBuildConfiguration;
			buildSettings = {
				ALWAYS_SEARCH_USER_PATHS = NO;
				CLANG_ANALYZER_NONNULL = YES;
				CLANG_ANALYZER_NUMBER_OBJECT_CONVERSION = YES_AGGRESSIVE;
				CLANG_CXX_LANGUAGE_STANDARD = "gnu++14";
				CLANG_CXX_LIBRARY = "libc++";
				CLANG_ENABLE_MODULES = YES;
				CLANG_ENABLE_OBJC_ARC = YES;
				CLANG_ENABLE_OBJC_WEAK = YES;
				CLANG_WARN_BLOCK_CAPTURE_AUTORELEASING = YES;
				CLANG_WARN_BOOL_CONVERSION = YES;
				CLANG_WARN_COMMA = YES;
				CLANG_WARN_CONSTANT_CONVERSION = YES;
				CLANG_WARN_DEPRECATED_OBJC_IMPLEMENTATIONS = YES;
				CLANG_WARN_DIRECT_OBJC_ISA_USAGE = YES_ERROR;
				CLANG_WARN_DOCUMENTATION_COMMENTS = YES;
				CLANG_WARN_EMPTY_BODY = YES;
				CLANG_WARN_ENUM_CONVERSION = YES;
				CLANG_WARN_INFINITE_RECURSION = YES;
				CLANG_WARN_INT_CONVERSION = YES;
				CLANG_WARN_NON_LITERAL_NULL_CONVERSION = YES;
				CLANG_WARN_OBJC_IMPLICIT_RETAIN_SELF = YES;
				CLANG_WARN_OBJC_LITERAL_CONVERSION = YES;
				CLANG_WARN_OBJC_ROOT_CLASS = YES_ERROR;
				CLANG_WARN_RANGE_LOOP_ANALYSIS = YES;
				CLANG_WARN_STRICT_PROTOTYPES = YES;
				CLANG_WARN_SUSPICIOUS_MOVE = YES;
				CLANG_WARN_UNGUARDED_AVAILABILITY = YES_AGGRESSIVE;
				CLANG_WARN_UNREACHABLE_CODE = YES;
				CLANG_WARN__DUPLICATE_METHOD_MATCH = YES;
				COPY_PHASE_STRIP = NO;
				DEBUG_INFORMATION_FORMAT = "dwarf-with-dsym";
				ENABLE_NS_ASSERTIONS = NO;
				ENABLE_STRICT_OBJC_MSGSEND = YES;
				GCC_C_LANGUAGE_STANDARD = gnu11;
				GCC_NO_COMMON_BLOCKS = YES;
				GCC_WARN_64_TO_32_BIT_CONVERSION = YES;
				GCC_WARN_ABOUT_RETURN_TYPE = YES_ERROR;
				GCC_WARN_UNDECLARED_SELECTOR = YES;
				GCC_WARN_UNINITIALIZED_AUTOS = YES_AGGRESSIVE;
				GCC_WARN_UNUSED_FUNCTION = YES;
				GCC_WARN_UNUSED_VARIABLE = YES;
				IPHONEOS_DEPLOYMENT_TARGET = 13.4;
				MTL_ENABLE_DEBUG_INFO = NO;
				MTL_FAST_MATH = YES;
				SDKROOT = iphoneos;
				SWIFT_COMPILATION_MODE = wholemodule;
				SWIFT_OPTIMIZATION_LEVEL = "-O";
				VALIDATE_PRODUCT = YES;
			};
			name = Release;
		};
		38AAAAE3246DD15800D1F74E /* Debug */ = {
			isa = XCBuildConfiguration;
			buildSettings = {
				ASSETCATALOG_COMPILER_APPICON_NAME = AppIcon;
				CODE_SIGN_STYLE = Automatic;
				DEVELOPMENT_ASSET_PATHS = "\"InstaDocv1.2/Preview Content\"";
				DEVELOPMENT_TEAM = K5JRK3RLF6;
				ENABLE_PREVIEWS = YES;
				INFOPLIST_FILE = InstaDocv1.2/Info.plist;
				LD_RUNPATH_SEARCH_PATHS = (
					"$(inherited)",
					"@executable_path/Frameworks",
				);
				PRODUCT_BUNDLE_IDENTIFIER = "com.NSI.InstaDoc.v1.2.InstaDocv1-2";
				PRODUCT_NAME = "$(TARGET_NAME)";
				SWIFT_VERSION = 5.0;
				TARGETED_DEVICE_FAMILY = "1,2";
			};
			name = Debug;
		};
		38AAAAE4246DD15800D1F74E /* Release */ = {
			isa = XCBuildConfiguration;
			buildSettings = {
				ASSETCATALOG_COMPILER_APPICON_NAME = AppIcon;
				CODE_SIGN_STYLE = Automatic;
				DEVELOPMENT_ASSET_PATHS = "\"InstaDocv1.2/Preview Content\"";
				DEVELOPMENT_TEAM = K5JRK3RLF6;
				ENABLE_PREVIEWS = YES;
				INFOPLIST_FILE = InstaDocv1.2/Info.plist;
				LD_RUNPATH_SEARCH_PATHS = (
					"$(inherited)",
					"@executable_path/Frameworks",
				);
				PRODUCT_BUNDLE_IDENTIFIER = "com.NSI.InstaDoc.v1.2.InstaDocv1-2";
				PRODUCT_NAME = "$(TARGET_NAME)";
				SWIFT_VERSION = 5.0;
				TARGETED_DEVICE_FAMILY = "1,2";
			};
			name = Release;
		};
/* End XCBuildConfiguration section */

/* Begin XCConfigurationList section */
		38AAAAC9246DD15700D1F74E /* Build configuration list for PBXProject "InstaDocv1.2" */ = {
			isa = XCConfigurationList;
			buildConfigurations = (
				38AAAAE0246DD15800D1F74E /* Debug */,
				38AAAAE1246DD15800D1F74E /* Release */,
			);
			defaultConfigurationIsVisible = 0;
			defaultConfigurationName = Release;
		};
		38AAAAE2246DD15800D1F74E /* Build configuration list for PBXNativeTarget "InstaDocv1.2" */ = {
			isa = XCConfigurationList;
			buildConfigurations = (
				38AAAAE3246DD15800D1F74E /* Debug */,
				38AAAAE4246DD15800D1F74E /* Release */,
			);
			defaultConfigurationIsVisible = 0;
			defaultConfigurationName = Release;
		};
/* End XCConfigurationList section */
	};
	rootObject = 38AAAAC6246DD15700D1F74E /* Project object */;
}
